
Microsoft Visual Studio Solution File, Format Version 12.00
# Visual Studio Version 17
VisualStudioVersion = 17.11.35327.3
MinimumVisualStudioVersion = 10.0.40219.1
Project("{FAE04EC0-301F-11D3-BF4B-00C04F79EFBC}") = "Esemka_Examination", "Esemka_Examination\Esemka_Examination.csproj", "{797E9041-0F83-4ED9-9A1B-9AF99A5734DA}"
EndProject
Global
	GlobalSection(SolutionConfigurationPlatforms) = preSolution
		Debug|Any CPU = Debug|Any CPU
		Release|Any CPU = Release|Any CPU
	EndGlobalSection
	GlobalSection(ProjectConfigurationPlatforms) = postSolution
		{797E9041-0F83-4ED9-9A1B-9AF99A5734DA}.Debug|Any CPU.ActiveCfg = Debug|Any CPU
		{797E9041-0F83-4ED9-9A1B-9AF99A5734DA}.Debug|Any CPU.Build.0 = Debug|Any CPU
		{797E9041-0F83-4ED9-9A1B-9AF99A5734DA}.Release|Any CPU.ActiveCfg = Release|Any CPU
		{797E9041-0F83-4ED9-9A1B-9AF99A5734DA}.Release|Any CPU.Build.0 = Release|Any CPU
	EndGlobalSection
	GlobalSection(SolutionProperties) = preSolution
		HideSolutionNode = FALSE
	EndGlobalSection
	GlobalSection(ExtensibilityGlobals) = postSolution
		SolutionGuid = {B4F7E23B-981F-482B-B78E-E41E3E1CA060}
	EndGlobalSection
EndGlobal
